version = 1
revision = 3
requires-python = ">=3.13"

[[package]]
name = "narwhals"
version = "2.5.0"
source = { registry = "https://pypi.org/simple" }
sdist = { url = "https://files.pythonhosted.org/packages/7b/b8/3cb005704866f1cc19e8d6b15d0467255821ba12d82f20ea15912672e54c/narwhals-2.5.0.tar.gz", hash = "sha256:8ae0b6f39597f14c0dc52afc98949d6f8be89b5af402d2d98101d2f7d3561418", size = 558573, upload-time = "2025-09-12T10:04:24.436Z" }
wheels = [
    { url = "https://files.pythonhosted.org/packages/f8/5a/22741c5c0e5f6e8050242bfc2052ba68bc94b1735ed5bca35404d136d6ec/narwhals-2.5.0-py3-none-any.whl", hash = "sha256:7e213f9ca7db3f8bf6f7eff35eaee6a1cf80902997e1b78d49b7755775d8f423", size = 407296, upload-time = "2025-09-12T10:04:22.524Z" },
]

[[package]]
name = "packaging"
version = "25.0"
source = { registry = "https://pypi.org/simple" }
sdist = { url = "https://files.pythonhosted.org/packages/a1/d4/1fc4078c65507b51b96ca8f8c3ba19e6a61c8253c72794544580a7b6c24d/packaging-25.0.tar.gz", hash = "sha256:d443872c98d677bf60f6a1f2f8c1cb748e8fe762d2bf9d3148b5599295b0fc4f", size = 165727, upload-time = "2025-04-19T11:48:59.673Z" }
wheels = [
    { url = "https://files.pythonhosted.org/packages/20/12/38679034af332785aac8774540895e234f4d07f7545804097de4b666afd8/packaging-25.0-py3-none-any.whl", hash = "sha256:29572ef2b1f17581046b3a2227d5c611fb25ec70ca1ba8554b24b0e69331a484", size = 66469, upload-time = "2025-04-19T11:48:57.875Z" },
]

[[package]]
name = "plotly"
version = "6.3.0"
source = { registry = "https://pypi.org/simple" }
dependencies = [
    { name = "narwhals" },
    { name = "packaging" },
]
sdist = { url = "https://files.pythonhosted.org/packages/a0/64/850de5076f4436410e1ce4f6a69f4313ef6215dfea155f3f6559335cad29/plotly-6.3.0.tar.gz", hash = "sha256:8840a184d18ccae0f9189c2b9a2943923fd5cae7717b723f36eef78f444e5a73", size = 6923926, upload-time = "2025-08-12T20:22:14.127Z" }
wheels = [
    { url = "https://files.pythonhosted.org/packages/95/a9/12e2dc726ba1ba775a2c6922d5d5b4488ad60bdab0888c337c194c8e6de8/plotly-6.3.0-py3-none-any.whl", hash = "sha256:7ad806edce9d3cdd882eaebaf97c0c9e252043ed1ed3d382c3e3520ec07806d4", size = 9791257, upload-time = "2025-08-12T20:22:09.205Z" },
]

[[package]]
name = "trend"
version = "0.1.0"
source = { virtual = "." }
dependencies = [
    { name = "plotly" },
]

[package.metadata]
requires-dist = [{ name = "plotly", specifier = ">=6.3.0" }]
